{
    "_readme": [
        "This file locks the dependencies of your project to a known state",
        "Read more about it at https://getcomposer.org/doc/01-basic-usage.md#installing-dependencies",
        "This file is @generated automatically"
    ],
    "content-hash": "3cfda2032729acc40b8eddf3bca7bb7f",
    "packages": [
        {
            "name": "fykosak/fksdb-downloader-core",
            "version": "dev-master",
            "source": {
                "type": "git",
                "url": "https://github.com/fykosak/fksdb-downloader-core.git",
                "reference": "26e5504"
            },
            "dist": {
                "type": "zip",
                "url": "https://api.github.com/repos/fykosak/fksdb-downloader-core/zipball/26e5504",
                "reference": "26e5504",
                "shasum": ""
            },
            "require": {
                "ext-dom": "*",
                "ext-soap": "*",
                "php": ">= 7.4"
            },
            "require-dev": {
                "squizlabs/php_codesniffer": "^3.6.0"
            },
            "default-branch": true,
            "type": "library",
            "autoload": {
                "psr-4": {
                    "Fykosak\\FKSDBDownloaderCore\\": "src/",
                    "Fykosak\\FKSDBDownloaderCore\\Tools\\": "tools/"
                }
            },
            "notification-url": "https://packagist.org/downloads/",
            "license": [
                "GPL-3.0-or-later"
            ],
            "authors": [
                {
                    "name": "fykos.cz",
                    "email": "webmaster@fykos.cz"
                }
            ],
            "description": "Interface for downloading data from FKSDB by SOAP-client",
            "support": {
                "issues": "https://github.com/fykosak/fksdb-downloader-core/issues",
                "source": "https://github.com/fykosak/fksdb-downloader-core/tree/master"
            },
            "time": "2021-12-27T02:14:16+00:00"
        },
        {
            "name": "nette/caching",
            "version": "v3.1.2",
            "source": {
                "type": "git",
                "url": "https://github.com/nette/caching.git",
                "reference": "27d8f0048eb1a9c7e49e0268f39b2db7d3ce7ae9"
            },
            "dist": {
                "type": "zip",
                "url": "https://api.github.com/repos/nette/caching/zipball/27d8f0048eb1a9c7e49e0268f39b2db7d3ce7ae9",
                "reference": "27d8f0048eb1a9c7e49e0268f39b2db7d3ce7ae9",
                "shasum": ""
            },
            "require": {
                "nette/finder": "^2.4 || ^3.0",
                "nette/utils": "^2.4 || ^3.0",
                "php": ">=7.2 <8.2"
            },
            "require-dev": {
                "latte/latte": "^2.10",
                "nette/di": "^v3.0",
                "nette/tester": "^2.0",
                "phpstan/phpstan": "^0.12",
                "tracy/tracy": "^2.4"
            },
            "suggest": {
                "ext-pdo_sqlite": "to use SQLiteStorage or SQLiteJournal"
            },
            "type": "library",
            "extra": {
                "branch-alias": {
                    "dev-master": "3.1-dev"
                }
            },
            "autoload": {
                "classmap": [
                    "src/"
                ]
            },
            "notification-url": "https://packagist.org/downloads/",
            "license": [
                "BSD-3-Clause",
                "GPL-2.0-only",
                "GPL-3.0-only"
            ],
            "authors": [
                {
                    "name": "David Grudl",
                    "homepage": "https://davidgrudl.com"
                },
                {
                    "name": "Nette Community",
                    "homepage": "https://nette.org/contributors"
                }
            ],
            "description": "⏱ Nette Caching: library with easy-to-use API and many cache backends.",
            "homepage": "https://nette.org",
            "keywords": [
                "cache",
                "journal",
                "memcached",
                "nette",
                "sqlite"
            ],
            "support": {
                "issues": "https://github.com/nette/caching/issues",
                "source": "https://github.com/nette/caching/tree/v3.1.2"
            },
            "time": "2021-08-24T23:45:03+00:00"
        },
        {
            "name": "nette/finder",
            "version": "v2.5.3",
            "source": {
                "type": "git",
                "url": "https://github.com/nette/finder.git",
                "reference": "64dc25b7929b731e72a1bc84a9e57727f5d5d3e8"
            },
            "dist": {
                "type": "zip",
                "url": "https://api.github.com/repos/nette/finder/zipball/64dc25b7929b731e72a1bc84a9e57727f5d5d3e8",
                "reference": "64dc25b7929b731e72a1bc84a9e57727f5d5d3e8",
                "shasum": ""
            },
            "require": {
                "nette/utils": "^2.4 || ^3.0",
                "php": ">=7.1"
            },
            "conflict": {
                "nette/nette": "<2.2"
            },
            "require-dev": {
                "nette/tester": "^2.0",
                "phpstan/phpstan": "^0.12",
                "tracy/tracy": "^2.3"
            },
            "type": "library",
            "extra": {
                "branch-alias": {
                    "dev-master": "2.5-dev"
                }
            },
            "autoload": {
                "classmap": [
                    "src/"
                ]
            },
            "notification-url": "https://packagist.org/downloads/",
            "license": [
                "BSD-3-Clause",
                "GPL-2.0-only",
                "GPL-3.0-only"
            ],
            "authors": [
                {
                    "name": "David Grudl",
                    "homepage": "https://davidgrudl.com"
                },
                {
                    "name": "Nette Community",
                    "homepage": "https://nette.org/contributors"
                }
            ],
            "description": "🔍 Nette Finder: find files and directories with an intuitive API.",
            "homepage": "https://nette.org",
            "keywords": [
                "filesystem",
                "glob",
                "iterator",
                "nette"
            ],
            "support": {
                "issues": "https://github.com/nette/finder/issues",
                "source": "https://github.com/nette/finder/tree/v2.5.3"
            },
            "time": "2021-12-12T17:43:24+00:00"
        },
        {
            "name": "nette/utils",
            "version": "v3.2.6",
            "source": {
                "type": "git",
                "url": "https://github.com/nette/utils.git",
                "reference": "2f261e55bd6a12057442045bf2c249806abc1d02"
            },
            "dist": {
                "type": "zip",
                "url": "https://api.github.com/repos/nette/utils/zipball/2f261e55bd6a12057442045bf2c249806abc1d02",
                "reference": "2f261e55bd6a12057442045bf2c249806abc1d02",
                "shasum": ""
            },
            "require": {
                "php": ">=7.2 <8.2"
            },
            "conflict": {
                "nette/di": "<3.0.6"
            },
            "require-dev": {
                "nette/tester": "~2.0",
                "phpstan/phpstan": "^1.0",
                "tracy/tracy": "^2.3"
            },
            "suggest": {
                "ext-gd": "to use Image",
                "ext-iconv": "to use Strings::webalize(), toAscii(), chr() and reverse()",
                "ext-intl": "to use Strings::webalize(), toAscii(), normalize() and compare()",
                "ext-json": "to use Nette\\Utils\\Json",
                "ext-mbstring": "to use Strings::lower() etc...",
                "ext-tokenizer": "to use Nette\\Utils\\Reflection::getUseStatements()",
                "ext-xml": "to use Strings::length() etc. when mbstring is not available"
            },
            "type": "library",
            "extra": {
                "branch-alias": {
                    "dev-master": "3.2-dev"
                }
            },
            "autoload": {
                "classmap": [
                    "src/"
                ]
            },
            "notification-url": "https://packagist.org/downloads/",
            "license": [
                "BSD-3-Clause",
                "GPL-2.0-only",
                "GPL-3.0-only"
            ],
            "authors": [
                {
                    "name": "David Grudl",
                    "homepage": "https://davidgrudl.com"
                },
                {
                    "name": "Nette Community",
                    "homepage": "https://nette.org/contributors"
                }
            ],
            "description": "🛠  Nette Utils: lightweight utilities for string & array manipulation, image handling, safe JSON encoding/decoding, validation, slug or strong password generating etc.",
            "homepage": "https://nette.org",
            "keywords": [
                "array",
                "core",
                "datetime",
                "images",
                "json",
                "nette",
                "paginator",
                "password",
                "slugify",
                "string",
                "unicode",
                "utf-8",
                "utility",
                "validation"
            ],
            "support": {
                "issues": "https://github.com/nette/utils/issues",
                "source": "https://github.com/nette/utils/tree/v3.2.6"
            },
            "time": "2021-11-24T15:47:23+00:00"
        }
    ],
    "packages-dev": [
        {
            "name": "squizlabs/php_codesniffer",
            "version": "3.6.2",
            "source": {
                "type": "git",
                "url": "https://github.com/squizlabs/PHP_CodeSniffer.git",
                "reference": "5e4e71592f69da17871dba6e80dd51bce74a351a"
            },
            "dist": {
                "type": "zip",
                "url": "https://api.github.com/repos/squizlabs/PHP_CodeSniffer/zipball/5e4e71592f69da17871dba6e80dd51bce74a351a",
                "reference": "5e4e71592f69da17871dba6e80dd51bce74a351a",
                "shasum": ""
            },
            "require": {
                "ext-simplexml": "*",
                "ext-tokenizer": "*",
                "ext-xmlwriter": "*",
                "php": ">=5.4.0"
            },
            "require-dev": {
                "phpunit/phpunit": "^4.0 || ^5.0 || ^6.0 || ^7.0"
            },
            "bin": [
                "bin/phpcs",
                "bin/phpcbf"
            ],
            "type": "library",
            "extra": {
                "branch-alias": {
                    "dev-master": "3.x-dev"
                }
            },
            "notification-url": "https://packagist.org/downloads/",
            "license": [
                "BSD-3-Clause"
            ],
            "authors": [
                {
                    "name": "Greg Sherwood",
                    "role": "lead"
                }
            ],
            "description": "PHP_CodeSniffer tokenizes PHP, JavaScript and CSS files and detects violations of a defined set of coding standards.",
            "homepage": "https://github.com/squizlabs/PHP_CodeSniffer",
            "keywords": [
                "phpcs",
                "standards"
            ],
            "support": {
                "issues": "https://github.com/squizlabs/PHP_CodeSniffer/issues",
                "source": "https://github.com/squizlabs/PHP_CodeSniffer",
                "wiki": "https://github.com/squizlabs/PHP_CodeSniffer/wiki"
            },
            "time": "2021-12-12T21:44:58+00:00"
        }
    ],
    "aliases": [],
    "minimum-stability": "stable",
    "stability-flags": {
        "fykosak/fksdb-downloader-core": 20
    },
    "prefer-stable": false,
    "prefer-lowest": false,
    "platform": {
        "php": ">=7.4",
        "ext-dom": "*",
        "ext-soap": "*"
    },
    "platform-dev": [],
    "plugin-api-version": "2.1.0"
}
